
Microsoft Visual Studio Solution File, Format Version 11.00
# Visual Studio 2010
Project("{FAE04EC0-301F-11D3-BF4B-00C04F79EFBC}") = "Assembly-CSharp", "Assembly-CSharp.csproj", "{8587F127-E135-5439-C6B1-725178DDF2BD}"
EndProject
Project("{FAE04EC0-301F-11D3-BF4B-00C04F79EFBC}") = "Assembly-CSharp-firstpass", "Assembly-CSharp-firstpass.csproj", "{44D570A7-1EA9-987E-04CF-A59B9DDEE653}"
EndProject
Project("{FAE04EC0-301F-11D3-BF4B-00C04F79EFBC}") = "Assembly-CSharp-Editor", "Assembly-CSharp-Editor.csproj", "{1F8C5233-D5D1-495E-DA6F-B89A2BC6A7EC}"
EndProject
Global
	GlobalSection(SolutionConfigurationPlatforms) = preSolution
		Debug|Any CPU = Debug|Any CPU
		Release|Any CPU = Release|Any CPU
	EndGlobalSection
	GlobalSection(ProjectConfigurationPlatforms) = postSolution
		{8587F127-E135-5439-C6B1-725178DDF2BD}.Debug|Any CPU.ActiveCfg = Debug|Any CPU
		{8587F127-E135-5439-C6B1-725178DDF2BD}.Debug|Any CPU.Build.0 = Debug|Any CPU
		{8587F127-E135-5439-C6B1-725178DDF2BD}.Release|Any CPU.ActiveCfg = Release|Any CPU
		{8587F127-E135-5439-C6B1-725178DDF2BD}.Release|Any CPU.Build.0 = Release|Any CPU
		{44D570A7-1EA9-987E-04CF-A59B9DDEE653}.Debug|Any CPU.ActiveCfg = Debug|Any CPU
		{44D570A7-1EA9-987E-04CF-A59B9DDEE653}.Debug|Any CPU.Build.0 = Debug|Any CPU
		{44D570A7-1EA9-987E-04CF-A59B9DDEE653}.Release|Any CPU.ActiveCfg = Release|Any CPU
		{44D570A7-1EA9-987E-04CF-A59B9DDEE653}.Release|Any CPU.Build.0 = Release|Any CPU
		{1F8C5233-D5D1-495E-DA6F-B89A2BC6A7EC}.Debug|Any CPU.ActiveCfg = Debug|Any CPU
		{1F8C5233-D5D1-495E-DA6F-B89A2BC6A7EC}.Debug|Any CPU.Build.0 = Debug|Any CPU
		{1F8C5233-D5D1-495E-DA6F-B89A2BC6A7EC}.Release|Any CPU.ActiveCfg = Release|Any CPU
		{1F8C5233-D5D1-495E-DA6F-B89A2BC6A7EC}.Release|Any CPU.Build.0 = Release|Any CPU
	EndGlobalSection
	GlobalSection(SolutionProperties) = preSolution
		HideSolutionNode = FALSE
	EndGlobalSection
EndGlobal
